// !$*UTF8*$!
{
	archiveVersion = 1;
	classes = {
	};
	objectVersion = 50;
	objects = {

/* Begin PBXBuildFile section */
		A3E3C94A25C503F800C6671C /* AdventureCell.swift in Sources */ = {isa = PBXBuildFile; fileRef = A3E3C94925C503F800C6671C /* AdventureCell.swift */; };
		A3E3C94D25C5149400C6671C /* extensionHelper.swift in Sources */ = {isa = PBXBuildFile; fileRef = A3E3C94C25C5149400C6671C /* extensionHelper.swift */; };
		A3FFCF2D25BFADE00094F926 /* AppDelegate.swift in Sources */ = {isa = PBXBuildFile; fileRef = A3FFCF2C25BFADE00094F926 /* AppDelegate.swift */; };
		A3FFCF2F25BFADE00094F926 /* SceneDelegate.swift in Sources */ = {isa = PBXBuildFile; fileRef = A3FFCF2E25BFADE00094F926 /* SceneDelegate.swift */; };
		A3FFCF3125BFADE00094F926 /* AdventureListViewController.swift in Sources */ = {isa = PBXBuildFile; fileRef = A3FFCF3025BFADE00094F926 /* AdventureListViewController.swift */; };
		A3FFCF3425BFADE00094F926 /* Main.storyboard in Resources */ = {isa = PBXBuildFile; fileRef = A3FFCF3225BFADE00094F926 /* Main.storyboard */; };
		A3FFCF3625BFADE20094F926 /* Assets.xcassets in Resources */ = {isa = PBXBuildFile; fileRef = A3FFCF3525BFADE20094F926 /* Assets.xcassets */; };
		A3FFCF3925BFADE20094F926 /* LaunchScreen.storyboard in Resources */ = {isa = PBXBuildFile; fileRef = A3FFCF3725BFADE20094F926 /* LaunchScreen.storyboard */; };
		A3FFCF4325BFBD360094F926 /* AdventureInputFormViewController.swift in Sources */ = {isa = PBXBuildFile; fileRef = A3FFCF4225BFBD360094F926 /* AdventureInputFormViewController.swift */; };
		AA0D56BF25C4F79C008B246E /* AdventureCell.xib in Resources */ = {isa = PBXBuildFile; fileRef = AA0D56BE25C4F79C008B246E /* AdventureCell.xib */; };
/* End PBXBuildFile section */

/* Begin PBXFileReference section */
		A3E3C94925C503F800C6671C /* AdventureCell.swift */ = {isa = PBXFileReference; fileEncoding = 4; lastKnownFileType = sourcecode.swift; path = AdventureCell.swift; sourceTree = "<group>"; };
		A3E3C94C25C5149400C6671C /* extensionHelper.swift */ = {isa = PBXFileReference; lastKnownFileType = sourcecode.swift; path = extensionHelper.swift; sourceTree = "<group>"; };
		A3FFCF2925BFADE00094F926 /* D&D Campaign Rating.app */ = {isa = PBXFileReference; explicitFileType = wrapper.application; includeInIndex = 0; path = "D&D Campaign Rating.app"; sourceTree = BUILT_PRODUCTS_DIR; };
		A3FFCF2C25BFADE00094F926 /* AppDelegate.swift */ = {isa = PBXFileReference; lastKnownFileType = sourcecode.swift; path = AppDelegate.swift; sourceTree = "<group>"; };
		A3FFCF2E25BFADE00094F926 /* SceneDelegate.swift */ = {isa = PBXFileReference; lastKnownFileType = sourcecode.swift; path = SceneDelegate.swift; sourceTree = "<group>"; };
		A3FFCF3025BFADE00094F926 /* AdventureListViewController.swift */ = {isa = PBXFileReference; lastKnownFileType = sourcecode.swift; path = AdventureListViewController.swift; sourceTree = "<group>"; };
		A3FFCF3325BFADE00094F926 /* Base */ = {isa = PBXFileReference; lastKnownFileType = file.storyboard; name = Base; path = Base.lproj/Main.storyboard; sourceTree = "<group>"; };
		A3FFCF3525BFADE20094F926 /* Assets.xcassets */ = {isa = PBXFileReference; lastKnownFileType = folder.assetcatalog; path = Assets.xcassets; sourceTree = "<group>"; };
		A3FFCF3825BFADE20094F926 /* Base */ = {isa = PBXFileReference; lastKnownFileType = file.storyboard; name = Base; path = Base.lproj/LaunchScreen.storyboard; sourceTree = "<group>"; };
		A3FFCF3A25BFADE20094F926 /* Info.plist */ = {isa = PBXFileReference; lastKnownFileType = text.plist.xml; path = Info.plist; sourceTree = "<group>"; };
		A3FFCF4225BFBD360094F926 /* AdventureInputFormViewController.swift */ = {isa = PBXFileReference; lastKnownFileType = sourcecode.swift; path = AdventureInputFormViewController.swift; sourceTree = "<group>"; };
		AA0D56BE25C4F79C008B246E /* AdventureCell.xib */ = {isa = PBXFileReference; lastKnownFileType = file.xib; path = AdventureCell.xib; sourceTree = "<group>"; };
/* End PBXFileReference section */

/* Begin PBXFrameworksBuildPhase section */
		A3FFCF2625BFADE00094F926 /* Frameworks */ = {
			isa = PBXFrameworksBuildPhase;
			buildActionMask = 2147483647;
			files = (
			);
			runOnlyForDeploymentPostprocessing = 0;
		};
/* End PBXFrameworksBuildPhase section */

/* Begin PBXGroup section */
		A3FFCF2025BFADE00094F926 = {
			isa = PBXGroup;
			children = (
				A3FFCF2B25BFADE00094F926 /* D&D Campaign Rating */,
				A3FFCF2A25BFADE00094F926 /* Products */,
			);
			sourceTree = "<group>";
		};
		A3FFCF2A25BFADE00094F926 /* Products */ = {
			isa = PBXGroup;
			children = (
				A3FFCF2925BFADE00094F926 /* D&D Campaign Rating.app */,
			);
			name = Products;
			sourceTree = "<group>";
		};
		A3FFCF2B25BFADE00094F926 /* D&D Campaign Rating */ = {
			isa = PBXGroup;
			children = (
				A3FFCF2C25BFADE00094F926 /* AppDelegate.swift */,
				A3FFCF2E25BFADE00094F926 /* SceneDelegate.swift */,
				A3FFCF3025BFADE00094F926 /* AdventureListViewController.swift */,
				A3E3C94925C503F800C6671C /* AdventureCell.swift */,
				A3FFCF4225BFBD360094F926 /* AdventureInputFormViewController.swift */,
				A3FFCF3225BFADE00094F926 /* Main.storyboard */,
				A3FFCF3525BFADE20094F926 /* Assets.xcassets */,
				A3FFCF3725BFADE20094F926 /* LaunchScreen.storyboard */,
				A3FFCF3A25BFADE20094F926 /* Info.plist */,
				AA0D56BE25C4F79C008B246E /* AdventureCell.xib */,
				A3E3C94C25C5149400C6671C /* extensionHelper.swift */,
			);
			path = "D&D Campaign Rating";
			sourceTree = "<group>";
		};
/* End PBXGroup section */

/* Begin PBXNativeTarget section */
		A3FFCF2825BFADE00094F926 /* D&D Campaign Rating */ = {
			isa = PBXNativeTarget;
			buildConfigurationList = A3FFCF3D25BFADE20094F926 /* Build configuration list for PBXNativeTarget "D&D Campaign Rating" */;
			buildPhases = (
				A3FFCF2525BFADE00094F926 /* Sources */,
				A3FFCF2625BFADE00094F926 /* Frameworks */,
				A3FFCF2725BFADE00094F926 /* Resources */,
			);
			buildRules = (
			);
			dependencies = (
			);
			name = "D&D Campaign Rating";
			productName = "D&D Campaign Rating";
			productReference = A3FFCF2925BFADE00094F926 /* D&D Campaign Rating.app */;
			productType = "com.apple.product-type.application";
		};
/* End PBXNativeTarget section */

/* Begin PBXProject section */
		A3FFCF2125BFADE00094F926 /* Project object */ = {
			isa = PBXProject;
			attributes = {
				LastSwiftUpdateCheck = 1230;
				LastUpgradeCheck = 1230;
				TargetAttributes = {
					A3FFCF2825BFADE00094F926 = {
						CreatedOnToolsVersion = 12.3;
					};
				};
			};
			buildConfigurationList = A3FFCF2425BFADE00094F926 /* Build configuration list for PBXProject "D&D Campaign Rating" */;
			compatibilityVersion = "Xcode 9.3";
			developmentRegion = en;
			hasScannedForEncodings = 0;
			knownRegions = (
				en,
				Base,
			);
			mainGroup = A3FFCF2025BFADE00094F926;
			productRefGroup = A3FFCF2A25BFADE00094F926 /* Products */;
			projectDirPath = "";
			projectRoot = "";
			targets = (
				A3FFCF2825BFADE00094F926 /* D&D Campaign Rating */,
			);
		};
/* End PBXProject section */

/* Begin PBXResourcesBuildPhase section */
		A3FFCF2725BFADE00094F926 /* Resources */ = {
			isa = PBXResourcesBuildPhase;
			buildActionMask = 2147483647;
			files = (
				AA0D56BF25C4F79C008B246E /* AdventureCell.xib in Resources */,
				A3FFCF3925BFADE20094F926 /* LaunchScreen.storyboard in Resources */,
				A3FFCF3625BFADE20094F926 /* Assets.xcassets in Resources */,
				A3FFCF3425BFADE00094F926 /* Main.storyboard in Resources */,
			);
			runOnlyForDeploymentPostprocessing = 0;
		};
/* End PBXResourcesBuildPhase section */

/* Begin PBXSourcesBuildPhase section */
		A3FFCF2525BFADE00094F926 /* Sources */ = {
			isa = PBXSourcesBuildPhase;
			buildActionMask = 2147483647;
			files = (
				A3FFCF3125BFADE00094F926 /* AdventureListViewController.swift in Sources */,
				A3FFCF2D25BFADE00094F926 /* AppDelegate.swift in Sources */,
				A3E3C94A25C503F800C6671C /* AdventureCell.swift in Sources */,
				A3FFCF4325BFBD360094F926 /* AdventureInputFormViewController.swift in Sources */,
				A3FFCF2F25BFADE00094F926 /* SceneDelegate.swift in Sources */,
				A3E3C94D25C5149400C6671C /* extensionHelper.swift in Sources */,
			);
			runOnlyForDeploymentPostprocessing = 0;
		};
/* End PBXSourcesBuildPhase section */

/* Begin PBXVariantGroup section */
		A3FFCF3225BFADE00094F926 /* Main.storyboard */ = {
			isa = PBXVariantGroup;
			children = (
				A3FFCF3325BFADE00094F926 /* Base */,
			);
			name = Main.storyboard;
			sourceTree = "<group>";
		};
		A3FFCF3725BFADE20094F926 /* LaunchScreen.storyboard */ = {
			isa = PBXVariantGroup;
			children = (
				A3FFCF3825BFADE20094F926 /* Base */,
			);
			name = LaunchScreen.storyboard;
			sourceTree = "<group>";
		};
/* End PBXVariantGroup section */

/* Begin XCBuildConfiguration section */
		A3FFCF3B25BFADE20094F926 /* Debug */ = {
			isa = XCBuildConfiguration;
			buildSettings = {
				ALWAYS_SEARCH_USER_PATHS = NO;
				CLANG_ANALYZER_NONNULL = YES;
				CLANG_ANALYZER_NUMBER_OBJECT_CONVERSION = YES_AGGRESSIVE;
				CLANG_CXX_LANGUAGE_STANDARD = "gnu++14";
				CLANG_CXX_LIBRARY = "libc++";
				CLANG_ENABLE_MODULES = YES;
				CLANG_ENABLE_OBJC_ARC = YES;
				CLANG_ENABLE_OBJC_WEAK = YES;
				CLANG_WARN_BLOCK_CAPTURE_AUTORELEASING = YES;
				CLANG_WARN_BOOL_CONVERSION = YES;
				CLANG_WARN_COMMA = YES;
				CLANG_WARN_CONSTANT_CONVERSION = YES;
				CLANG_WARN_DEPRECATED_OBJC_IMPLEMENTATIONS = YES;
				CLANG_WARN_DIRECT_OBJC_ISA_USAGE = YES_ERROR;
				CLANG_WARN_DOCUMENTATION_COMMENTS = YES;
				CLANG_WARN_EMPTY_BODY = YES;
				CLANG_WARN_ENUM_CONVERSION = YES;
				CLANG_WARN_INFINITE_RECURSION = YES;
				CLANG_WARN_INT_CONVERSION = YES;
				CLANG_WARN_NON_LITERAL_NULL_CONVERSION = YES;
				CLANG_WARN_OBJC_IMPLICIT_RETAIN_SELF = YES;
				CLANG_WARN_OBJC_LITERAL_CONVERSION = YES;
				CLANG_WARN_OBJC_ROOT_CLASS = YES_ERROR;
				CLANG_WARN_QUOTED_INCLUDE_IN_FRAMEWORK_HEADER = YES;
				CLANG_WARN_RANGE_LOOP_ANALYSIS = YES;
				CLANG_WARN_STRICT_PROTOTYPES = YES;
				CLANG_WARN_SUSPICIOUS_MOVE = YES;
				CLANG_WARN_UNGUARDED_AVAILABILITY = YES_AGGRESSIVE;
				CLANG_WARN_UNREACHABLE_CODE = YES;
				CLANG_WARN__DUPLICATE_METHOD_MATCH = YES;
				COPY_PHASE_STRIP = NO;
				DEBUG_INFORMATION_FORMAT = dwarf;
				ENABLE_STRICT_OBJC_MSGSEND = YES;
				ENABLE_TESTABILITY = YES;
				GCC_C_LANGUAGE_STANDARD = gnu11;
				GCC_DYNAMIC_NO_PIC = NO;
				GCC_NO_COMMON_BLOCKS = YES;
				GCC_OPTIMIZATION_LEVEL = 0;
				GCC_PREPROCESSOR_DEFINITIONS = (
					"DEBUG=1",
					"$(inherited)",
				);
				GCC_WARN_64_TO_32_BIT_CONVERSION = YES;
				GCC_WARN_ABOUT_RETURN_TYPE = YES_ERROR;
				GCC_WARN_UNDECLARED_SELECTOR = YES;
				GCC_WARN_UNINITIALIZED_AUTOS = YES_AGGRESSIVE;
				GCC_WARN_UNUSED_FUNCTION = YES;
				GCC_WARN_UNUSED_VARIABLE = YES;
				IPHONEOS_DEPLOYMENT_TARGET = 14.3;
				MTL_ENABLE_DEBUG_INFO = INCLUDE_SOURCE;
				MTL_FAST_MATH = YES;
				ONLY_ACTIVE_ARCH = YES;
				SDKROOT = iphoneos;
				SWIFT_ACTIVE_COMPILATION_CONDITIONS = DEBUG;
				SWIFT_OPTIMIZATION_LEVEL = "-Onone";
			};
			name = Debug;
		};
		A3FFCF3C25BFADE20094F926 /* Release */ = {
			isa = XCBuildConfiguration;
			buildSettings = {
				ALWAYS_SEARCH_USER_PATHS = NO;
				CLANG_ANALYZER_NONNULL = YES;
				CLANG_ANALYZER_NUMBER_OBJECT_CONVERSION = YES_AGGRESSIVE;
				CLANG_CXX_LANGUAGE_STANDARD = "gnu++14";
				CLANG_CXX_LIBRARY = "libc++";
				CLANG_ENABLE_MODULES = YES;
				CLANG_ENABLE_OBJC_ARC = YES;
				CLANG_ENABLE_OBJC_WEAK = YES;
				CLANG_WARN_BLOCK_CAPTURE_AUTORELEASING = YES;
				CLANG_WARN_BOOL_CONVERSION = YES;
				CLANG_WARN_COMMA = YES;
				CLANG_WARN_CONSTANT_CONVERSION = YES;
				CLANG_WARN_DEPRECATED_OBJC_IMPLEMENTATIONS = YES;
				CLANG_WARN_DIRECT_OBJC_ISA_USAGE = YES_ERROR;
				CLANG_WARN_DOCUMENTATION_COMMENTS = YES;
				CLANG_WARN_EMPTY_BODY = YES;
				CLANG_WARN_ENUM_CONVERSION = YES;
				CLANG_WARN_INFINITE_RECURSION = YES;
				CLANG_WARN_INT_CONVERSION = YES;
				CLANG_WARN_NON_LITERAL_NULL_CONVERSION = YES;
				CLANG_WARN_OBJC_IMPLICIT_RETAIN_SELF = YES;
				CLANG_WARN_OBJC_LITERAL_CONVERSION = YES;
				CLANG_WARN_OBJC_ROOT_CLASS = YES_ERROR;
				CLANG_WARN_QUOTED_INCLUDE_IN_FRAMEWORK_HEADER = YES;
				CLANG_WARN_RANGE_LOOP_ANALYSIS = YES;
				CLANG_WARN_STRICT_PROTOTYPES = YES;
				CLANG_WARN_SUSPICIOUS_MOVE = YES;
				CLANG_WARN_UNGUARDED_AVAILABILITY = YES_AGGRESSIVE;
				CLANG_WARN_UNREACHABLE_CODE = YES;
				CLANG_WARN__DUPLICATE_METHOD_MATCH = YES;
				COPY_PHASE_STRIP = NO;
				DEBUG_INFORMATION_FORMAT = "dwarf-with-dsym";
				ENABLE_NS_ASSERTIONS = NO;
				ENABLE_STRICT_OBJC_MSGSEND = YES;
				GCC_C_LANGUAGE_STANDARD = gnu11;
				GCC_NO_COMMON_BLOCKS = YES;
				GCC_WARN_64_TO_32_BIT_CONVERSION = YES;
				GCC_WARN_ABOUT_RETURN_TYPE = YES_ERROR;
				GCC_WARN_UNDECLARED_SELECTOR = YES;
				GCC_WARN_UNINITIALIZED_AUTOS = YES_AGGRESSIVE;
				GCC_WARN_UNUSED_FUNCTION = YES;
				GCC_WARN_UNUSED_VARIABLE = YES;
				IPHONEOS_DEPLOYMENT_TARGET = 14.3;
				MTL_ENABLE_DEBUG_INFO = NO;
				MTL_FAST_MATH = YES;
				SDKROOT = iphoneos;
				SWIFT_COMPILATION_MODE = wholemodule;
				SWIFT_OPTIMIZATION_LEVEL = "-O";
				VALIDATE_PRODUCT = YES;
			};
			name = Release;
		};
		A3FFCF3E25BFADE20094F926 /* Debug */ = {
			isa = XCBuildConfiguration;
			buildSettings = {
				ASSETCATALOG_COMPILER_APPICON_NAME = AppIcon;
				ASSETCATALOG_COMPILER_GLOBAL_ACCENT_COLOR_NAME = AccentColor;
				CODE_SIGN_STYLE = Automatic;
				INFOPLIST_FILE = "D&D Campaign Rating/Info.plist";
				IPHONEOS_DEPLOYMENT_TARGET = 14.2;
				LD_RUNPATH_SEARCH_PATHS = (
					"$(inherited)",
					"@executable_path/Frameworks",
				);
				PRODUCT_BUNDLE_IDENTIFIER = "twistedkoncepts.D-D-Campaign-Rating";
				PRODUCT_NAME = "$(TARGET_NAME)";
				SWIFT_VERSION = 5.0;
				TARGETED_DEVICE_FAMILY = "1,2";
			};
			name = Debug;
		};
		A3FFCF3F25BFADE20094F926 /* Release */ = {
			isa = XCBuildConfiguration;
			buildSettings = {
				ASSETCATALOG_COMPILER_APPICON_NAME = AppIcon;
				ASSETCATALOG_COMPILER_GLOBAL_ACCENT_COLOR_NAME = AccentColor;
				CODE_SIGN_STYLE = Automatic;
				INFOPLIST_FILE = "D&D Campaign Rating/Info.plist";
				IPHONEOS_DEPLOYMENT_TARGET = 14.2;
				LD_RUNPATH_SEARCH_PATHS = (
					"$(inherited)",
					"@executable_path/Frameworks",
				);
				PRODUCT_BUNDLE_IDENTIFIER = "twistedkoncepts.D-D-Campaign-Rating";
				PRODUCT_NAME = "$(TARGET_NAME)";
				SWIFT_VERSION = 5.0;
				TARGETED_DEVICE_FAMILY = "1,2";
			};
			name = Release;
		};
/* End XCBuildConfiguration section */

/* Begin XCConfigurationList section */
		A3FFCF2425BFADE00094F926 /* Build configuration list for PBXProject "D&D Campaign Rating" */ = {
			isa = XCConfigurationList;
			buildConfigurations = (
				A3FFCF3B25BFADE20094F926 /* Debug */,
				A3FFCF3C25BFADE20094F926 /* Release */,
			);
			defaultConfigurationIsVisible = 0;
			defaultConfigurationName = Release;
		};
		A3FFCF3D25BFADE20094F926 /* Build configuration list for PBXNativeTarget "D&D Campaign Rating" */ = {
			isa = XCConfigurationList;
			buildConfigurations = (
				A3FFCF3E25BFADE20094F926 /* Debug */,
				A3FFCF3F25BFADE20094F926 /* Release */,
			);
			defaultConfigurationIsVisible = 0;
			defaultConfigurationName = Release;
		};
/* End XCConfigurationList section */
	};
	rootObject = A3FFCF2125BFADE00094F926 /* Project object */;
}
